
Microsoft Visual Studio Solution File, Format Version 12.00
# Visual Studio 2013
VisualStudioVersion = 12.0.30110.0
MinimumVisualStudioVersion = 10.0.40219.1
Project("{FAE04EC0-301F-11D3-BF4B-00C04F79EFBC}") = "KnockoutJS", "KnockoutJS\KnockoutJS.csproj", "{C2C6A765-69B4-4BFA-9E25-9C4EBD994CDB}"
EndProject
Global
	GlobalSection(SolutionConfigurationPlatforms) = preSolution
		Debug|Any CPU = Debug|Any CPU
		Release|Any CPU = Release|Any CPU
	EndGlobalSection
	GlobalSection(ProjectConfigurationPlatforms) = postSolution
		{C2C6A765-69B4-4BFA-9E25-9C4EBD994CDB}.Debug|Any CPU.ActiveCfg = Debug|Any CPU
		{C2C6A765-69B4-4BFA-9E25-9C4EBD994CDB}.Debug|Any CPU.Build.0 = Debug|Any CPU
		{C2C6A765-69B4-4BFA-9E25-9C4EBD994CDB}.Release|Any CPU.ActiveCfg = Release|Any CPU
		{C2C6A765-69B4-4BFA-9E25-9C4EBD994CDB}.Release|Any CPU.Build.0 = Release|Any CPU
	EndGlobalSection
	GlobalSection(SolutionProperties) = preSolution
		HideSolutionNode = FALSE
	EndGlobalSection
EndGlobal
