
Microsoft Visual Studio Solution File, Format Version 12.00
# Visual Studio 2013
VisualStudioVersion = 12.0.30110.0
MinimumVisualStudioVersion = 10.0.40219.1
Project("{FAE04EC0-301F-11D3-BF4B-00C04F79EFBC}") = "DesignForTesting", "DesignForTesting\DesignForTesting.csproj", "{2920B781-DE74-4D72-98C9-A662D111EF8C}"
EndProject
Project("{FAE04EC0-301F-11D3-BF4B-00C04F79EFBC}") = "DfTModel", "DfTModel\DfTModel.csproj", "{BDBA2094-E6C4-43E1-BDED-CBEF850E5EA3}"
EndProject
Project("{FAE04EC0-301F-11D3-BF4B-00C04F79EFBC}") = "UserDaoTests", "UserDaoTests\UserDaoTests.csproj", "{A97CED14-031C-4202-8723-8510AE147881}"
EndProject
Global
	GlobalSection(SolutionConfigurationPlatforms) = preSolution
		Debug|Any CPU = Debug|Any CPU
		Release|Any CPU = Release|Any CPU
	EndGlobalSection
	GlobalSection(ProjectConfigurationPlatforms) = postSolution
		{2920B781-DE74-4D72-98C9-A662D111EF8C}.Debug|Any CPU.ActiveCfg = Debug|Any CPU
		{2920B781-DE74-4D72-98C9-A662D111EF8C}.Debug|Any CPU.Build.0 = Debug|Any CPU
		{2920B781-DE74-4D72-98C9-A662D111EF8C}.Release|Any CPU.ActiveCfg = Release|Any CPU
		{2920B781-DE74-4D72-98C9-A662D111EF8C}.Release|Any CPU.Build.0 = Release|Any CPU
		{BDBA2094-E6C4-43E1-BDED-CBEF850E5EA3}.Debug|Any CPU.ActiveCfg = Debug|Any CPU
		{BDBA2094-E6C4-43E1-BDED-CBEF850E5EA3}.Debug|Any CPU.Build.0 = Debug|Any CPU
		{BDBA2094-E6C4-43E1-BDED-CBEF850E5EA3}.Release|Any CPU.ActiveCfg = Release|Any CPU
		{BDBA2094-E6C4-43E1-BDED-CBEF850E5EA3}.Release|Any CPU.Build.0 = Release|Any CPU
		{A97CED14-031C-4202-8723-8510AE147881}.Debug|Any CPU.ActiveCfg = Debug|Any CPU
		{A97CED14-031C-4202-8723-8510AE147881}.Debug|Any CPU.Build.0 = Debug|Any CPU
		{A97CED14-031C-4202-8723-8510AE147881}.Release|Any CPU.ActiveCfg = Release|Any CPU
		{A97CED14-031C-4202-8723-8510AE147881}.Release|Any CPU.Build.0 = Release|Any CPU
	EndGlobalSection
	GlobalSection(SolutionProperties) = preSolution
		HideSolutionNode = FALSE
	EndGlobalSection
EndGlobal
